
Microsoft Visual Studio Solution File, Format Version 12.00
# Visual Studio 15
VisualStudioVersion = 15.0.28010.2036
MinimumVisualStudioVersion = 10.0.40219.1
Project("{FAE04EC0-301F-11D3-BF4B-00C04F79EFBC}") = "HerePlacesCSharp", "HerePlacesCSharp.csproj", "{923005FB-58CB-41AA-946D-ED4074973352}"
EndProject
Global
	GlobalSection(SolutionConfigurationPlatforms) = preSolution
		Debug|Any CPU = Debug|Any CPU
		Release|Any CPU = Release|Any CPU
	EndGlobalSection
	GlobalSection(ProjectConfigurationPlatforms) = postSolution
		{923005FB-58CB-41AA-946D-ED4074973352}.Debug|Any CPU.ActiveCfg = Debug|Any CPU
		{923005FB-58CB-41AA-946D-ED4074973352}.Debug|Any CPU.Build.0 = Debug|Any CPU
		{923005FB-58CB-41AA-946D-ED4074973352}.Release|Any CPU.ActiveCfg = Release|Any CPU
		{923005FB-58CB-41AA-946D-ED4074973352}.Release|Any CPU.Build.0 = Release|Any CPU
	EndGlobalSection
	GlobalSection(SolutionProperties) = preSolution
		HideSolutionNode = FALSE
	EndGlobalSection
	GlobalSection(ExtensibilityGlobals) = postSolution
		SolutionGuid = {B4F9D7FD-E75F-40F7-8753-FB8BC7F5AEDD}
	EndGlobalSection
EndGlobal
